// !$*UTF8*$!
{
	archiveVersion = 1;
	classes = {
	};
	objectVersion = 55;
	objects = {

/* Begin PBXBuildFile section */
		45002CD6282E7C7500EA266A /* AppDelegate.swift in Sources */ = {isa = PBXBuildFile; fileRef = 45002CD5282E7C7500EA266A /* AppDelegate.swift */; };
		45002CD8282E7C7500EA266A /* SceneDelegate.swift in Sources */ = {isa = PBXBuildFile; fileRef = 45002CD7282E7C7500EA266A /* SceneDelegate.swift */; };
		45002CDA282E7C7500EA266A /* PokemonSearchViewController.swift in Sources */ = {isa = PBXBuildFile; fileRef = 45002CD9282E7C7500EA266A /* PokemonSearchViewController.swift */; };
		45002CDF282E7C7700EA266A /* Assets.xcassets in Resources */ = {isa = PBXBuildFile; fileRef = 45002CDE282E7C7700EA266A /* Assets.xcassets */; };
		45002CE2282E7C7700EA266A /* LaunchScreen.storyboard in Resources */ = {isa = PBXBuildFile; fileRef = 45002CE0282E7C7700EA266A /* LaunchScreen.storyboard */; };
		45021172282FE11A00550CDA /* PokemonBatch.swift in Sources */ = {isa = PBXBuildFile; fileRef = 45021171282FE11A00550CDA /* PokemonBatch.swift */; };
		45021175282FE1D200550CDA /* Pokemon.swift in Sources */ = {isa = PBXBuildFile; fileRef = 45021174282FE1D200550CDA /* Pokemon.swift */; };
		45021177282FE1F400550CDA /* PokemonDetail.swift in Sources */ = {isa = PBXBuildFile; fileRef = 45021176282FE1F400550CDA /* PokemonDetail.swift */; };
		45021179282FE3DC00550CDA /* PokemonSprites.swift in Sources */ = {isa = PBXBuildFile; fileRef = 45021178282FE3DC00550CDA /* PokemonSprites.swift */; };
		4502117B282FF42E00550CDA /* PokemonManager.swift in Sources */ = {isa = PBXBuildFile; fileRef = 4502117A282FF42E00550CDA /* PokemonManager.swift */; };
		452212DB282E9D24000232BE /* NetworkManager.swift in Sources */ = {isa = PBXBuildFile; fileRef = 452212DA282E9D23000232BE /* NetworkManager.swift */; };
		452212DE282E9D45000232BE /* HTTPMethod.swift in Sources */ = {isa = PBXBuildFile; fileRef = 452212DD282E9D45000232BE /* HTTPMethod.swift */; };
		452212E0282E9F03000232BE /* Endpoint.swift in Sources */ = {isa = PBXBuildFile; fileRef = 452212DF282E9F03000232BE /* Endpoint.swift */; };
		452212E2282EB7B8000232BE /* PokemonEndpoint.swift in Sources */ = {isa = PBXBuildFile; fileRef = 452212E1282EB7B8000232BE /* PokemonEndpoint.swift */; };
		452212E6282EDEFD000232BE /* ServiceError.swift in Sources */ = {isa = PBXBuildFile; fileRef = 452212E5282EDEFD000232BE /* ServiceError.swift */; };
		4E52169E168C59407E813C61 /* Pods_Pokedex.framework in Frameworks */ = {isa = PBXBuildFile; fileRef = 95C5F2D5237EBA1B99ED484F /* Pods_Pokedex.framework */; };
/* End PBXBuildFile section */

/* Begin PBXFileReference section */
		45002CD2282E7C7500EA266A /* Pokedex.app */ = {isa = PBXFileReference; explicitFileType = wrapper.application; includeInIndex = 0; path = Pokedex.app; sourceTree = BUILT_PRODUCTS_DIR; };
		45002CD5282E7C7500EA266A /* AppDelegate.swift */ = {isa = PBXFileReference; lastKnownFileType = sourcecode.swift; path = AppDelegate.swift; sourceTree = "<group>"; };
		45002CD7282E7C7500EA266A /* SceneDelegate.swift */ = {isa = PBXFileReference; lastKnownFileType = sourcecode.swift; path = SceneDelegate.swift; sourceTree = "<group>"; };
		45002CD9282E7C7500EA266A /* PokemonSearchViewController.swift */ = {isa = PBXFileReference; lastKnownFileType = sourcecode.swift; path = PokemonSearchViewController.swift; sourceTree = "<group>"; };
		45002CDE282E7C7700EA266A /* Assets.xcassets */ = {isa = PBXFileReference; lastKnownFileType = folder.assetcatalog; path = Assets.xcassets; sourceTree = "<group>"; };
		45002CE1282E7C7700EA266A /* Base */ = {isa = PBXFileReference; lastKnownFileType = file.storyboard; name = Base; path = Base.lproj/LaunchScreen.storyboard; sourceTree = "<group>"; };
		45002CE3282E7C7700EA266A /* Info.plist */ = {isa = PBXFileReference; lastKnownFileType = text.plist.xml; path = Info.plist; sourceTree = "<group>"; };
		45021171282FE11A00550CDA /* PokemonBatch.swift */ = {isa = PBXFileReference; lastKnownFileType = sourcecode.swift; path = PokemonBatch.swift; sourceTree = "<group>"; };
		45021174282FE1D200550CDA /* Pokemon.swift */ = {isa = PBXFileReference; lastKnownFileType = sourcecode.swift; path = Pokemon.swift; sourceTree = "<group>"; };
		45021176282FE1F400550CDA /* PokemonDetail.swift */ = {isa = PBXFileReference; lastKnownFileType = sourcecode.swift; path = PokemonDetail.swift; sourceTree = "<group>"; };
		45021178282FE3DC00550CDA /* PokemonSprites.swift */ = {isa = PBXFileReference; lastKnownFileType = sourcecode.swift; path = PokemonSprites.swift; sourceTree = "<group>"; };
		4502117A282FF42E00550CDA /* PokemonManager.swift */ = {isa = PBXFileReference; lastKnownFileType = sourcecode.swift; path = PokemonManager.swift; sourceTree = "<group>"; };
		452212DA282E9D23000232BE /* NetworkManager.swift */ = {isa = PBXFileReference; lastKnownFileType = sourcecode.swift; path = NetworkManager.swift; sourceTree = "<group>"; };
		452212DD282E9D45000232BE /* HTTPMethod.swift */ = {isa = PBXFileReference; lastKnownFileType = sourcecode.swift; path = HTTPMethod.swift; sourceTree = "<group>"; };
		452212DF282E9F03000232BE /* Endpoint.swift */ = {isa = PBXFileReference; lastKnownFileType = sourcecode.swift; path = Endpoint.swift; sourceTree = "<group>"; };
		452212E1282EB7B8000232BE /* PokemonEndpoint.swift */ = {isa = PBXFileReference; lastKnownFileType = sourcecode.swift; path = PokemonEndpoint.swift; sourceTree = "<group>"; };
		452212E5282EDEFD000232BE /* ServiceError.swift */ = {isa = PBXFileReference; lastKnownFileType = sourcecode.swift; path = ServiceError.swift; sourceTree = "<group>"; };
		95C5F2D5237EBA1B99ED484F /* Pods_Pokedex.framework */ = {isa = PBXFileReference; explicitFileType = wrapper.framework; includeInIndex = 0; path = Pods_Pokedex.framework; sourceTree = BUILT_PRODUCTS_DIR; };
		A99A3EFBBC713AAD3944C295 /* Pods-Pokedex.debug.xcconfig */ = {isa = PBXFileReference; includeInIndex = 1; lastKnownFileType = text.xcconfig; name = "Pods-Pokedex.debug.xcconfig"; path = "Target Support Files/Pods-Pokedex/Pods-Pokedex.debug.xcconfig"; sourceTree = "<group>"; };
		BCD137DCBF142FEDE7AA78F7 /* Pods-Pokedex.release.xcconfig */ = {isa = PBXFileReference; includeInIndex = 1; lastKnownFileType = text.xcconfig; name = "Pods-Pokedex.release.xcconfig"; path = "Target Support Files/Pods-Pokedex/Pods-Pokedex.release.xcconfig"; sourceTree = "<group>"; };
/* End PBXFileReference section */

/* Begin PBXFrameworksBuildPhase section */
		45002CCF282E7C7500EA266A /* Frameworks */ = {
			isa = PBXFrameworksBuildPhase;
			buildActionMask = 2147483647;
			files = (
				4E52169E168C59407E813C61 /* Pods_Pokedex.framework in Frameworks */,
			);
			runOnlyForDeploymentPostprocessing = 0;
		};
/* End PBXFrameworksBuildPhase section */

/* Begin PBXGroup section */
		45002CC9282E7C7500EA266A = {
			isa = PBXGroup;
			children = (
				45002CD4282E7C7500EA266A /* Pokedex */,
				45002CD3282E7C7500EA266A /* Products */,
				E9070ECDB5A59A71B6787160 /* Pods */,
				E10ABBC8C48672FBD32B3E49 /* Frameworks */,
			);
			sourceTree = "<group>";
		};
		45002CD3282E7C7500EA266A /* Products */ = {
			isa = PBXGroup;
			children = (
				45002CD2282E7C7500EA266A /* Pokedex.app */,
			);
			name = Products;
			sourceTree = "<group>";
		};
		45002CD4282E7C7500EA266A /* Pokedex */ = {
			isa = PBXGroup;
			children = (
				45002CD5282E7C7500EA266A /* AppDelegate.swift */,
				45002CD7282E7C7500EA266A /* SceneDelegate.swift */,
				452212D9282E9BDF000232BE /* Controllers */,
				45002CDE282E7C7700EA266A /* Assets.xcassets */,
				45002CE0282E7C7700EA266A /* LaunchScreen.storyboard */,
				45002CE3282E7C7700EA266A /* Info.plist */,
				452212DC282E9D27000232BE /* Networking */,
				45021173282FE12200550CDA /* Models */,
			);
			path = Pokedex;
			sourceTree = "<group>";
		};
		45021173282FE12200550CDA /* Models */ = {
			isa = PBXGroup;
			children = (
				45021171282FE11A00550CDA /* PokemonBatch.swift */,
				45021174282FE1D200550CDA /* Pokemon.swift */,
				45021176282FE1F400550CDA /* PokemonDetail.swift */,
				45021178282FE3DC00550CDA /* PokemonSprites.swift */,
				4502117A282FF42E00550CDA /* PokemonManager.swift */,
			);
			path = Models;
			sourceTree = "<group>";
		};
		452212D9282E9BDF000232BE /* Controllers */ = {
			isa = PBXGroup;
			children = (
				45002CD9282E7C7500EA266A /* PokemonSearchViewController.swift */,
			);
			path = Controllers;
			sourceTree = "<group>";
		};
		452212DC282E9D27000232BE /* Networking */ = {
			isa = PBXGroup;
			children = (
				452212DA282E9D23000232BE /* NetworkManager.swift */,
				452212DD282E9D45000232BE /* HTTPMethod.swift */,
				452212DF282E9F03000232BE /* Endpoint.swift */,
				452212E7282EEB17000232BE /* Endpoints */,
				452212E5282EDEFD000232BE /* ServiceError.swift */,
			);
			path = Networking;
			sourceTree = "<group>";
		};
		452212E7282EEB17000232BE /* Endpoints */ = {
			isa = PBXGroup;
			children = (
				452212E1282EB7B8000232BE /* PokemonEndpoint.swift */,
			);
			path = Endpoints;
			sourceTree = "<group>";
		};
		E10ABBC8C48672FBD32B3E49 /* Frameworks */ = {
			isa = PBXGroup;
			children = (
				95C5F2D5237EBA1B99ED484F /* Pods_Pokedex.framework */,
			);
			name = Frameworks;
			sourceTree = "<group>";
		};
		E9070ECDB5A59A71B6787160 /* Pods */ = {
			isa = PBXGroup;
			children = (
				A99A3EFBBC713AAD3944C295 /* Pods-Pokedex.debug.xcconfig */,
				BCD137DCBF142FEDE7AA78F7 /* Pods-Pokedex.release.xcconfig */,
			);
			path = Pods;
			sourceTree = "<group>";
		};
/* End PBXGroup section */

/* Begin PBXNativeTarget section */
		45002CD1282E7C7500EA266A /* Pokedex */ = {
			isa = PBXNativeTarget;
			buildConfigurationList = 45002CE6282E7C7700EA266A /* Build configuration list for PBXNativeTarget "Pokedex" */;
			buildPhases = (
				39DCB46448B6E3DA619A52B5 /* [CP] Check Pods Manifest.lock */,
				45002CCE282E7C7500EA266A /* Sources */,
				45002CCF282E7C7500EA266A /* Frameworks */,
				45002CD0282E7C7500EA266A /* Resources */,
				CD3F117D8B4518E97D157637 /* [CP] Embed Pods Frameworks */,
			);
			buildRules = (
			);
			dependencies = (
			);
			name = Pokedex;
			productName = Pokedex;
			productReference = 45002CD2282E7C7500EA266A /* Pokedex.app */;
			productType = "com.apple.product-type.application";
		};
/* End PBXNativeTarget section */

/* Begin PBXProject section */
		45002CCA282E7C7500EA266A /* Project object */ = {
			isa = PBXProject;
			attributes = {
				BuildIndependentTargetsInParallel = 1;
				LastSwiftUpdateCheck = 1330;
				LastUpgradeCheck = 1330;
				TargetAttributes = {
					45002CD1282E7C7500EA266A = {
						CreatedOnToolsVersion = 13.3.1;
					};
				};
			};
			buildConfigurationList = 45002CCD282E7C7500EA266A /* Build configuration list for PBXProject "Pokedex" */;
			compatibilityVersion = "Xcode 13.0";
			developmentRegion = en;
			hasScannedForEncodings = 0;
			knownRegions = (
				en,
				Base,
			);
			mainGroup = 45002CC9282E7C7500EA266A;
			productRefGroup = 45002CD3282E7C7500EA266A /* Products */;
			projectDirPath = "";
			projectRoot = "";
			targets = (
				45002CD1282E7C7500EA266A /* Pokedex */,
			);
		};
/* End PBXProject section */

/* Begin PBXResourcesBuildPhase section */
		45002CD0282E7C7500EA266A /* Resources */ = {
			isa = PBXResourcesBuildPhase;
			buildActionMask = 2147483647;
			files = (
				45002CE2282E7C7700EA266A /* LaunchScreen.storyboard in Resources */,
				45002CDF282E7C7700EA266A /* Assets.xcassets in Resources */,
			);
			runOnlyForDeploymentPostprocessing = 0;
		};
/* End PBXResourcesBuildPhase section */

/* Begin PBXShellScriptBuildPhase section */
		39DCB46448B6E3DA619A52B5 /* [CP] Check Pods Manifest.lock */ = {
			isa = PBXShellScriptBuildPhase;
			buildActionMask = 2147483647;
			files = (
			);
			inputFileListPaths = (
			);
			inputPaths = (
				"${PODS_PODFILE_DIR_PATH}/Podfile.lock",
				"${PODS_ROOT}/Manifest.lock",
			);
			name = "[CP] Check Pods Manifest.lock";
			outputFileListPaths = (
			);
			outputPaths = (
				"$(DERIVED_FILE_DIR)/Pods-Pokedex-checkManifestLockResult.txt",
			);
			runOnlyForDeploymentPostprocessing = 0;
			shellPath = /bin/sh;
			shellScript = "diff \"${PODS_PODFILE_DIR_PATH}/Podfile.lock\" \"${PODS_ROOT}/Manifest.lock\" > /dev/null\nif [ $? != 0 ] ; then\n    # print error to STDERR\n    echo \"error: The sandbox is not in sync with the Podfile.lock. Run 'pod install' or update your CocoaPods installation.\" >&2\n    exit 1\nfi\n# This output is used by Xcode 'outputs' to avoid re-running this script phase.\necho \"SUCCESS\" > \"${SCRIPT_OUTPUT_FILE_0}\"\n";
			showEnvVarsInLog = 0;
		};
		CD3F117D8B4518E97D157637 /* [CP] Embed Pods Frameworks */ = {
			isa = PBXShellScriptBuildPhase;
			buildActionMask = 2147483647;
			files = (
			);
			inputFileListPaths = (
				"${PODS_ROOT}/Target Support Files/Pods-Pokedex/Pods-Pokedex-frameworks-${CONFIGURATION}-input-files.xcfilelist",
			);
			name = "[CP] Embed Pods Frameworks";
			outputFileListPaths = (
				"${PODS_ROOT}/Target Support Files/Pods-Pokedex/Pods-Pokedex-frameworks-${CONFIGURATION}-output-files.xcfilelist",
			);
			runOnlyForDeploymentPostprocessing = 0;
			shellPath = /bin/sh;
			shellScript = "\"${PODS_ROOT}/Target Support Files/Pods-Pokedex/Pods-Pokedex-frameworks.sh\"\n";
			showEnvVarsInLog = 0;
		};
/* End PBXShellScriptBuildPhase section */

/* Begin PBXSourcesBuildPhase section */
		45002CCE282E7C7500EA266A /* Sources */ = {
			isa = PBXSourcesBuildPhase;
			buildActionMask = 2147483647;
			files = (
				45021177282FE1F400550CDA /* PokemonDetail.swift in Sources */,
				452212E2282EB7B8000232BE /* PokemonEndpoint.swift in Sources */,
				45021179282FE3DC00550CDA /* PokemonSprites.swift in Sources */,
				452212DB282E9D24000232BE /* NetworkManager.swift in Sources */,
				45002CDA282E7C7500EA266A /* PokemonSearchViewController.swift in Sources */,
				45002CD6282E7C7500EA266A /* AppDelegate.swift in Sources */,
				45021172282FE11A00550CDA /* PokemonBatch.swift in Sources */,
				4502117B282FF42E00550CDA /* PokemonManager.swift in Sources */,
				45021175282FE1D200550CDA /* Pokemon.swift in Sources */,
				452212DE282E9D45000232BE /* HTTPMethod.swift in Sources */,
				452212E6282EDEFD000232BE /* ServiceError.swift in Sources */,
				452212E0282E9F03000232BE /* Endpoint.swift in Sources */,
				45002CD8282E7C7500EA266A /* SceneDelegate.swift in Sources */,
			);
			runOnlyForDeploymentPostprocessing = 0;
		};
/* End PBXSourcesBuildPhase section */

/* Begin PBXVariantGroup section */
		45002CE0282E7C7700EA266A /* LaunchScreen.storyboard */ = {
			isa = PBXVariantGroup;
			children = (
				45002CE1282E7C7700EA266A /* Base */,
			);
			name = LaunchScreen.storyboard;
			sourceTree = "<group>";
		};
/* End PBXVariantGroup section */

/* Begin XCBuildConfiguration section */
		45002CE4282E7C7700EA266A /* Debug */ = {
			isa = XCBuildConfiguration;
			buildSettings = {
				ALWAYS_SEARCH_USER_PATHS = NO;
				CLANG_ANALYZER_NONNULL = YES;
				CLANG_ANALYZER_NUMBER_OBJECT_CONVERSION = YES_AGGRESSIVE;
				CLANG_CXX_LANGUAGE_STANDARD = "gnu++17";
				CLANG_ENABLE_MODULES = YES;
				CLANG_ENABLE_OBJC_ARC = YES;
				CLANG_ENABLE_OBJC_WEAK = YES;
				CLANG_WARN_BLOCK_CAPTURE_AUTORELEASING = YES;
				CLANG_WARN_BOOL_CONVERSION = YES;
				CLANG_WARN_COMMA = YES;
				CLANG_WARN_CONSTANT_CONVERSION = YES;
				CLANG_WARN_DEPRECATED_OBJC_IMPLEMENTATIONS = YES;
				CLANG_WARN_DIRECT_OBJC_ISA_USAGE = YES_ERROR;
				CLANG_WARN_DOCUMENTATION_COMMENTS = YES;
				CLANG_WARN_EMPTY_BODY = YES;
				CLANG_WARN_ENUM_CONVERSION = YES;
				CLANG_WARN_INFINITE_RECURSION = YES;
				CLANG_WARN_INT_CONVERSION = YES;
				CLANG_WARN_NON_LITERAL_NULL_CONVERSION = YES;
				CLANG_WARN_OBJC_IMPLICIT_RETAIN_SELF = YES;
				CLANG_WARN_OBJC_LITERAL_CONVERSION = YES;
				CLANG_WARN_OBJC_ROOT_CLASS = YES_ERROR;
				CLANG_WARN_QUOTED_INCLUDE_IN_FRAMEWORK_HEADER = YES;
				CLANG_WARN_RANGE_LOOP_ANALYSIS = YES;
				CLANG_WARN_STRICT_PROTOTYPES = YES;
				CLANG_WARN_SUSPICIOUS_MOVE = YES;
				CLANG_WARN_UNGUARDED_AVAILABILITY = YES_AGGRESSIVE;
				CLANG_WARN_UNREACHABLE_CODE = YES;
				CLANG_WARN__DUPLICATE_METHOD_MATCH = YES;
				COPY_PHASE_STRIP = NO;
				DEBUG_INFORMATION_FORMAT = dwarf;
				ENABLE_STRICT_OBJC_MSGSEND = YES;
				ENABLE_TESTABILITY = YES;
				GCC_C_LANGUAGE_STANDARD = gnu11;
				GCC_DYNAMIC_NO_PIC = NO;
				GCC_NO_COMMON_BLOCKS = YES;
				GCC_OPTIMIZATION_LEVEL = 0;
				GCC_PREPROCESSOR_DEFINITIONS = (
					"DEBUG=1",
					"$(inherited)",
				);
				GCC_WARN_64_TO_32_BIT_CONVERSION = YES;
				GCC_WARN_ABOUT_RETURN_TYPE = YES_ERROR;
				GCC_WARN_UNDECLARED_SELECTOR = YES;
				GCC_WARN_UNINITIALIZED_AUTOS = YES_AGGRESSIVE;
				GCC_WARN_UNUSED_FUNCTION = YES;
				GCC_WARN_UNUSED_VARIABLE = YES;
				IPHONEOS_DEPLOYMENT_TARGET = 13.0;
				MTL_ENABLE_DEBUG_INFO = INCLUDE_SOURCE;
				MTL_FAST_MATH = YES;
				ONLY_ACTIVE_ARCH = YES;
				SDKROOT = iphoneos;
				SWIFT_ACTIVE_COMPILATION_CONDITIONS = DEBUG;
				SWIFT_OPTIMIZATION_LEVEL = "-Onone";
			};
			name = Debug;
		};
		45002CE5282E7C7700EA266A /* Release */ = {
			isa = XCBuildConfiguration;
			buildSettings = {
				ALWAYS_SEARCH_USER_PATHS = NO;
				CLANG_ANALYZER_NONNULL = YES;
				CLANG_ANALYZER_NUMBER_OBJECT_CONVERSION = YES_AGGRESSIVE;
				CLANG_CXX_LANGUAGE_STANDARD = "gnu++17";
				CLANG_ENABLE_MODULES = YES;
				CLANG_ENABLE_OBJC_ARC = YES;
				CLANG_ENABLE_OBJC_WEAK = YES;
				CLANG_WARN_BLOCK_CAPTURE_AUTORELEASING = YES;
				CLANG_WARN_BOOL_CONVERSION = YES;
				CLANG_WARN_COMMA = YES;
				CLANG_WARN_CONSTANT_CONVERSION = YES;
				CLANG_WARN_DEPRECATED_OBJC_IMPLEMENTATIONS = YES;
				CLANG_WARN_DIRECT_OBJC_ISA_USAGE = YES_ERROR;
				CLANG_WARN_DOCUMENTATION_COMMENTS = YES;
				CLANG_WARN_EMPTY_BODY = YES;
				CLANG_WARN_ENUM_CONVERSION = YES;
				CLANG_WARN_INFINITE_RECURSION = YES;
				CLANG_WARN_INT_CONVERSION = YES;
				CLANG_WARN_NON_LITERAL_NULL_CONVERSION = YES;
				CLANG_WARN_OBJC_IMPLICIT_RETAIN_SELF = YES;
				CLANG_WARN_OBJC_LITERAL_CONVERSION = YES;
				CLANG_WARN_OBJC_ROOT_CLASS = YES_ERROR;
				CLANG_WARN_QUOTED_INCLUDE_IN_FRAMEWORK_HEADER = YES;
				CLANG_WARN_RANGE_LOOP_ANALYSIS = YES;
				CLANG_WARN_STRICT_PROTOTYPES = YES;
				CLANG_WARN_SUSPICIOUS_MOVE = YES;
				CLANG_WARN_UNGUARDED_AVAILABILITY = YES_AGGRESSIVE;
				CLANG_WARN_UNREACHABLE_CODE = YES;
				CLANG_WARN__DUPLICATE_METHOD_MATCH = YES;
				COPY_PHASE_STRIP = NO;
				DEBUG_INFORMATION_FORMAT = "dwarf-with-dsym";
				ENABLE_NS_ASSERTIONS = NO;
				ENABLE_STRICT_OBJC_MSGSEND = YES;
				GCC_C_LANGUAGE_STANDARD = gnu11;
				GCC_NO_COMMON_BLOCKS = YES;
				GCC_WARN_64_TO_32_BIT_CONVERSION = YES;
				GCC_WARN_ABOUT_RETURN_TYPE = YES_ERROR;
				GCC_WARN_UNDECLARED_SELECTOR = YES;
				GCC_WARN_UNINITIALIZED_AUTOS = YES_AGGRESSIVE;
				GCC_WARN_UNUSED_FUNCTION = YES;
				GCC_WARN_UNUSED_VARIABLE = YES;
				IPHONEOS_DEPLOYMENT_TARGET = 13.0;
				MTL_ENABLE_DEBUG_INFO = NO;
				MTL_FAST_MATH = YES;
				SDKROOT = iphoneos;
				SWIFT_COMPILATION_MODE = wholemodule;
				SWIFT_OPTIMIZATION_LEVEL = "-O";
				VALIDATE_PRODUCT = YES;
			};
			name = Release;
		};
		45002CE7282E7C7700EA266A /* Debug */ = {
			isa = XCBuildConfiguration;
			baseConfigurationReference = A99A3EFBBC713AAD3944C295 /* Pods-Pokedex.debug.xcconfig */;
			buildSettings = {
				ASSETCATALOG_COMPILER_APPICON_NAME = AppIcon;
				ASSETCATALOG_COMPILER_GLOBAL_ACCENT_COLOR_NAME = AccentColor;
				CODE_SIGN_STYLE = Automatic;
				CURRENT_PROJECT_VERSION = 1;
				DEVELOPMENT_TEAM = YHB6627S43;
				GENERATE_INFOPLIST_FILE = YES;
				INFOPLIST_FILE = Pokedex/Info.plist;
				INFOPLIST_KEY_UIApplicationSupportsIndirectInputEvents = YES;
				INFOPLIST_KEY_UILaunchStoryboardName = LaunchScreen;
				INFOPLIST_KEY_UISupportedInterfaceOrientations_iPad = "UIInterfaceOrientationPortrait UIInterfaceOrientationPortraitUpsideDown UIInterfaceOrientationLandscapeLeft UIInterfaceOrientationLandscapeRight";
				INFOPLIST_KEY_UISupportedInterfaceOrientations_iPhone = "UIInterfaceOrientationPortrait UIInterfaceOrientationLandscapeLeft UIInterfaceOrientationLandscapeRight";
				LD_RUNPATH_SEARCH_PATHS = (
					"$(inherited)",
					"@executable_path/Frameworks",
				);
				MARKETING_VERSION = 1.0;
				PRODUCT_BUNDLE_IDENTIFIER = io.github.mustafacobann.Pokedex;
				PRODUCT_NAME = "$(TARGET_NAME)";
				SWIFT_EMIT_LOC_STRINGS = YES;
				SWIFT_VERSION = 5.0;
				TARGETED_DEVICE_FAMILY = "1,2";
			};
			name = Debug;
		};
		45002CE8282E7C7700EA266A /* Release */ = {
			isa = XCBuildConfiguration;
			baseConfigurationReference = BCD137DCBF142FEDE7AA78F7 /* Pods-Pokedex.release.xcconfig */;
			buildSettings = {
				ASSETCATALOG_COMPILER_APPICON_NAME = AppIcon;
				ASSETCATALOG_COMPILER_GLOBAL_ACCENT_COLOR_NAME = AccentColor;
				CODE_SIGN_STYLE = Automatic;
				CURRENT_PROJECT_VERSION = 1;
				DEVELOPMENT_TEAM = YHB6627S43;
				GENERATE_INFOPLIST_FILE = YES;
				INFOPLIST_FILE = Pokedex/Info.plist;
				INFOPLIST_KEY_UIApplicationSupportsIndirectInputEvents = YES;
				INFOPLIST_KEY_UILaunchStoryboardName = LaunchScreen;
				INFOPLIST_KEY_UISupportedInterfaceOrientations_iPad = "UIInterfaceOrientationPortrait UIInterfaceOrientationPortraitUpsideDown UIInterfaceOrientationLandscapeLeft UIInterfaceOrientationLandscapeRight";
				INFOPLIST_KEY_UISupportedInterfaceOrientations_iPhone = "UIInterfaceOrientationPortrait UIInterfaceOrientationLandscapeLeft UIInterfaceOrientationLandscapeRight";
				LD_RUNPATH_SEARCH_PATHS = (
					"$(inherited)",
					"@executable_path/Frameworks",
				);
				MARKETING_VERSION = 1.0;
				PRODUCT_BUNDLE_IDENTIFIER = io.github.mustafacobann.Pokedex;
				PRODUCT_NAME = "$(TARGET_NAME)";
				SWIFT_EMIT_LOC_STRINGS = YES;
				SWIFT_VERSION = 5.0;
				TARGETED_DEVICE_FAMILY = "1,2";
			};
			name = Release;
		};
/* End XCBuildConfiguration section */

/* Begin XCConfigurationList section */
		45002CCD282E7C7500EA266A /* Build configuration list for PBXProject "Pokedex" */ = {
			isa = XCConfigurationList;
			buildConfigurations = (
				45002CE4282E7C7700EA266A /* Debug */,
				45002CE5282E7C7700EA266A /* Release */,
			);
			defaultConfigurationIsVisible = 0;
			defaultConfigurationName = Release;
		};
		45002CE6282E7C7700EA266A /* Build configuration list for PBXNativeTarget "Pokedex" */ = {
			isa = XCConfigurationList;
			buildConfigurations = (
				45002CE7282E7C7700EA266A /* Debug */,
				45002CE8282E7C7700EA266A /* Release */,
			);
			defaultConfigurationIsVisible = 0;
			defaultConfigurationName = Release;
		};
/* End XCConfigurationList section */
	};
	rootObject = 45002CCA282E7C7500EA266A /* Project object */;
}
